
Microsoft Visual Studio Solution File, Format Version 12.00
# Visual Studio 14
VisualStudioVersion = 14.0.25420.1
MinimumVisualStudioVersion = 10.0.40219.1
Project("{FAE04EC0-301F-11D3-BF4B-00C04F79EFBC}") = "Codentia.Common.MSOffice", "src\app\Codentia.Common.MSOffice.csproj", "{0DCB7900-D056-4A55-8CE4-F68EEBF76EB7}"
EndProject
Project("{FAE04EC0-301F-11D3-BF4B-00C04F79EFBC}") = "Codentia.Common.MSOffice.Test", "src\test\Codentia.Common.MSOffice.Test.csproj", "{6A818DB5-72CA-4E20-BCF2-C3B22060EF68}"
EndProject
Global
	GlobalSection(SolutionConfigurationPlatforms) = preSolution
		Debug|Any CPU = Debug|Any CPU
		Release|Any CPU = Release|Any CPU
	EndGlobalSection
	GlobalSection(ProjectConfigurationPlatforms) = postSolution
		{0DCB7900-D056-4A55-8CE4-F68EEBF76EB7}.Debug|Any CPU.ActiveCfg = Debug|Any CPU
		{0DCB7900-D056-4A55-8CE4-F68EEBF76EB7}.Debug|Any CPU.Build.0 = Debug|Any CPU
		{0DCB7900-D056-4A55-8CE4-F68EEBF76EB7}.Release|Any CPU.ActiveCfg = Release|Any CPU
		{0DCB7900-D056-4A55-8CE4-F68EEBF76EB7}.Release|Any CPU.Build.0 = Release|Any CPU
		{6A818DB5-72CA-4E20-BCF2-C3B22060EF68}.Debug|Any CPU.ActiveCfg = Debug|Any CPU
		{6A818DB5-72CA-4E20-BCF2-C3B22060EF68}.Debug|Any CPU.Build.0 = Debug|Any CPU
		{6A818DB5-72CA-4E20-BCF2-C3B22060EF68}.Release|Any CPU.ActiveCfg = Release|Any CPU
		{6A818DB5-72CA-4E20-BCF2-C3B22060EF68}.Release|Any CPU.Build.0 = Release|Any CPU
	EndGlobalSection
	GlobalSection(SolutionProperties) = preSolution
		HideSolutionNode = FALSE
	EndGlobalSection
EndGlobal
